
Microsoft Visual Studio Solution File, Format Version 12.00
# Visual Studio Version 17
VisualStudioVersion = 17.7.34018.315
MinimumVisualStudioVersion = 10.0.40219.1
Project("{FAE04EC0-301F-11D3-BF4B-00C04F79EFBC}") = "Uppgift 4.4", "Uppgift 4.4\Uppgift 4.4.csproj", "{147EF4E4-A3AC-4E13-B3FA-19AC5DC73822}"
EndProject
Global
	GlobalSection(SolutionConfigurationPlatforms) = preSolution
		Debug|Any CPU = Debug|Any CPU
		Release|Any CPU = Release|Any CPU
	EndGlobalSection
	GlobalSection(ProjectConfigurationPlatforms) = postSolution
		{147EF4E4-A3AC-4E13-B3FA-19AC5DC73822}.Debug|Any CPU.ActiveCfg = Debug|Any CPU
		{147EF4E4-A3AC-4E13-B3FA-19AC5DC73822}.Debug|Any CPU.Build.0 = Debug|Any CPU
		{147EF4E4-A3AC-4E13-B3FA-19AC5DC73822}.Release|Any CPU.ActiveCfg = Release|Any CPU
		{147EF4E4-A3AC-4E13-B3FA-19AC5DC73822}.Release|Any CPU.Build.0 = Release|Any CPU
	EndGlobalSection
	GlobalSection(SolutionProperties) = preSolution
		HideSolutionNode = FALSE
	EndGlobalSection
	GlobalSection(ExtensibilityGlobals) = postSolution
		SolutionGuid = {2CAB367D-2AE3-4EF0-808E-B117B7237BA5}
	EndGlobalSection
EndGlobal
